// !$*UTF8*$!
{
	archiveVersion = 1;
	classes = {
	};
	objectVersion = 56;
	objects = {

/* Begin PBXBuildFile section */
		5E9925172AE191DD003299B8 /* TestCICDprivApp.swift in Sources */ = {isa = PBXBuildFile; fileRef = 5E9925162AE191DD003299B8 /* TestCICDprivApp.swift */; };
		5E9925192AE191DD003299B8 /* ContentView.swift in Sources */ = {isa = PBXBuildFile; fileRef = 5E9925182AE191DD003299B8 /* ContentView.swift */; };
		5E99251B2AE191DF003299B8 /* Assets.xcassets in Resources */ = {isa = PBXBuildFile; fileRef = 5E99251A2AE191DF003299B8 /* Assets.xcassets */; };
		5E99251E2AE191DF003299B8 /* Preview Assets.xcassets in Resources */ = {isa = PBXBuildFile; fileRef = 5E99251D2AE191DF003299B8 /* Preview Assets.xcassets */; };
		5E9925282AE191E0003299B8 /* TestCICDprivTests.swift in Sources */ = {isa = PBXBuildFile; fileRef = 5E9925272AE191E0003299B8 /* TestCICDprivTests.swift */; };
		5E9925322AE191E0003299B8 /* TestCICDprivUITests.swift in Sources */ = {isa = PBXBuildFile; fileRef = 5E9925312AE191E0003299B8 /* TestCICDprivUITests.swift */; };
		5E9925342AE191E0003299B8 /* TestCICDprivUITestsLaunchTests.swift in Sources */ = {isa = PBXBuildFile; fileRef = 5E9925332AE191E0003299B8 /* TestCICDprivUITestsLaunchTests.swift */; };
/* End PBXBuildFile section */

/* Begin PBXContainerItemProxy section */
		5E9925242AE191E0003299B8 /* PBXContainerItemProxy */ = {
			isa = PBXContainerItemProxy;
			containerPortal = 5E99250B2AE191DD003299B8 /* Project object */;
			proxyType = 1;
			remoteGlobalIDString = 5E9925122AE191DD003299B8;
			remoteInfo = TestCICDpriv;
		};
		5E99252E2AE191E0003299B8 /* PBXContainerItemProxy */ = {
			isa = PBXContainerItemProxy;
			containerPortal = 5E99250B2AE191DD003299B8 /* Project object */;
			proxyType = 1;
			remoteGlobalIDString = 5E9925122AE191DD003299B8;
			remoteInfo = TestCICDpriv;
		};
/* End PBXContainerItemProxy section */

/* Begin PBXFileReference section */
		5E09E8B62AE581CA00F5753D /* TestCICDpriv.xctestplan */ = {isa = PBXFileReference; lastKnownFileType = text; path = TestCICDpriv.xctestplan; sourceTree = "<group>"; };
		5E09E8B72AE5888700F5753D /* Info.plist */ = {isa = PBXFileReference; lastKnownFileType = text.plist; path = Info.plist; sourceTree = "<group>"; };
		5E9925132AE191DD003299B8 /* TestCICDpriv.app */ = {isa = PBXFileReference; explicitFileType = wrapper.application; includeInIndex = 0; path = TestCICDpriv.app; sourceTree = BUILT_PRODUCTS_DIR; };
		5E9925162AE191DD003299B8 /* TestCICDprivApp.swift */ = {isa = PBXFileReference; lastKnownFileType = sourcecode.swift; path = TestCICDprivApp.swift; sourceTree = "<group>"; };
		5E9925182AE191DD003299B8 /* ContentView.swift */ = {isa = PBXFileReference; lastKnownFileType = sourcecode.swift; path = ContentView.swift; sourceTree = "<group>"; };
		5E99251A2AE191DF003299B8 /* Assets.xcassets */ = {isa = PBXFileReference; lastKnownFileType = folder.assetcatalog; path = Assets.xcassets; sourceTree = "<group>"; };
		5E99251D2AE191DF003299B8 /* Preview Assets.xcassets */ = {isa = PBXFileReference; lastKnownFileType = folder.assetcatalog; path = "Preview Assets.xcassets"; sourceTree = "<group>"; };
		5E9925232AE191E0003299B8 /* TestCICDprivTests.xctest */ = {isa = PBXFileReference; explicitFileType = wrapper.cfbundle; includeInIndex = 0; path = TestCICDprivTests.xctest; sourceTree = BUILT_PRODUCTS_DIR; };
		5E9925272AE191E0003299B8 /* TestCICDprivTests.swift */ = {isa = PBXFileReference; lastKnownFileType = sourcecode.swift; path = TestCICDprivTests.swift; sourceTree = "<group>"; };
		5E99252D2AE191E0003299B8 /* TestCICDprivUITests.xctest */ = {isa = PBXFileReference; explicitFileType = wrapper.cfbundle; includeInIndex = 0; path = TestCICDprivUITests.xctest; sourceTree = BUILT_PRODUCTS_DIR; };
		5E9925312AE191E0003299B8 /* TestCICDprivUITests.swift */ = {isa = PBXFileReference; lastKnownFileType = sourcecode.swift; path = TestCICDprivUITests.swift; sourceTree = "<group>"; };
		5E9925332AE191E0003299B8 /* TestCICDprivUITestsLaunchTests.swift */ = {isa = PBXFileReference; lastKnownFileType = sourcecode.swift; path = TestCICDprivUITestsLaunchTests.swift; sourceTree = "<group>"; };
/* End PBXFileReference section */

/* Begin PBXFrameworksBuildPhase section */
		5E9925102AE191DD003299B8 /* Frameworks */ = {
			isa = PBXFrameworksBuildPhase;
			buildActionMask = 2147483647;
			files = (
			);
			runOnlyForDeploymentPostprocessing = 0;
		};
		5E9925202AE191E0003299B8 /* Frameworks */ = {
			isa = PBXFrameworksBuildPhase;
			buildActionMask = 2147483647;
			files = (
			);
			runOnlyForDeploymentPostprocessing = 0;
		};
		5E99252A2AE191E0003299B8 /* Frameworks */ = {
			isa = PBXFrameworksBuildPhase;
			buildActionMask = 2147483647;
			files = (
			);
			runOnlyForDeploymentPostprocessing = 0;
		};
/* End PBXFrameworksBuildPhase section */

/* Begin PBXGroup section */
		5E99250A2AE191DD003299B8 = {
			isa = PBXGroup;
			children = (
				5E09E8B62AE581CA00F5753D /* TestCICDpriv.xctestplan */,
				5E9925152AE191DD003299B8 /* TestCICDpriv */,
				5E9925262AE191E0003299B8 /* TestCICDprivTests */,
				5E9925302AE191E0003299B8 /* TestCICDprivUITests */,
				5E9925142AE191DD003299B8 /* Products */,
			);
			sourceTree = "<group>";
		};
		5E9925142AE191DD003299B8 /* Products */ = {
			isa = PBXGroup;
			children = (
				5E9925132AE191DD003299B8 /* TestCICDpriv.app */,
				5E9925232AE191E0003299B8 /* TestCICDprivTests.xctest */,
				5E99252D2AE191E0003299B8 /* TestCICDprivUITests.xctest */,
			);
			name = Products;
			sourceTree = "<group>";
		};
		5E9925152AE191DD003299B8 /* TestCICDpriv */ = {
			isa = PBXGroup;
			children = (
				5E9925162AE191DD003299B8 /* TestCICDprivApp.swift */,
				5EC6D7EE2B0E830E004D2FD9 /* View */,
				5E09E8B72AE5888700F5753D /* Info.plist */,
				5E99251A2AE191DF003299B8 /* Assets.xcassets */,
				5E99251C2AE191DF003299B8 /* Preview Content */,
			);
			path = TestCICDpriv;
			sourceTree = "<group>";
		};
		5E99251C2AE191DF003299B8 /* Preview Content */ = {
			isa = PBXGroup;
			children = (
				5E99251D2AE191DF003299B8 /* Preview Assets.xcassets */,
			);
			path = "Preview Content";
			sourceTree = "<group>";
		};
		5E9925262AE191E0003299B8 /* TestCICDprivTests */ = {
			isa = PBXGroup;
			children = (
				5E9925272AE191E0003299B8 /* TestCICDprivTests.swift */,
			);
			path = TestCICDprivTests;
			sourceTree = "<group>";
		};
		5E9925302AE191E0003299B8 /* TestCICDprivUITests */ = {
			isa = PBXGroup;
			children = (
				5E9925312AE191E0003299B8 /* TestCICDprivUITests.swift */,
				5E9925332AE191E0003299B8 /* TestCICDprivUITestsLaunchTests.swift */,
			);
			path = TestCICDprivUITests;
			sourceTree = "<group>";
		};
		5EC6D7EE2B0E830E004D2FD9 /* View */ = {
			isa = PBXGroup;
			children = (
				5E9925182AE191DD003299B8 /* ContentView.swift */,
			);
			path = View;
			sourceTree = "<group>";
		};
/* End PBXGroup section */

/* Begin PBXNativeTarget section */
		5E9925122AE191DD003299B8 /* TestCICDpriv */ = {
			isa = PBXNativeTarget;
			buildConfigurationList = 5E9925372AE191E0003299B8 /* Build configuration list for PBXNativeTarget "TestCICDpriv" */;
			buildPhases = (
				5E99250F2AE191DD003299B8 /* Sources */,
				5E9925102AE191DD003299B8 /* Frameworks */,
				5E9925112AE191DD003299B8 /* Resources */,
			);
			buildRules = (
			);
			dependencies = (
			);
			name = TestCICDpriv;
			productName = TestCICDpriv;
			productReference = 5E9925132AE191DD003299B8 /* TestCICDpriv.app */;
			productType = "com.apple.product-type.application";
		};
		5E9925222AE191E0003299B8 /* TestCICDprivTests */ = {
			isa = PBXNativeTarget;
			buildConfigurationList = 5E99253A2AE191E0003299B8 /* Build configuration list for PBXNativeTarget "TestCICDprivTests" */;
			buildPhases = (
				5E99251F2AE191E0003299B8 /* Sources */,
				5E9925202AE191E0003299B8 /* Frameworks */,
				5E9925212AE191E0003299B8 /* Resources */,
			);
			buildRules = (
			);
			dependencies = (
				5E9925252AE191E0003299B8 /* PBXTargetDependency */,
			);
			name = TestCICDprivTests;
			productName = TestCICDprivTests;
			productReference = 5E9925232AE191E0003299B8 /* TestCICDprivTests.xctest */;
			productType = "com.apple.product-type.bundle.unit-test";
		};
		5E99252C2AE191E0003299B8 /* TestCICDprivUITests */ = {
			isa = PBXNativeTarget;
			buildConfigurationList = 5E99253D2AE191E0003299B8 /* Build configuration list for PBXNativeTarget "TestCICDprivUITests" */;
			buildPhases = (
				5E9925292AE191E0003299B8 /* Sources */,
				5E99252A2AE191E0003299B8 /* Frameworks */,
				5E99252B2AE191E0003299B8 /* Resources */,
			);
			buildRules = (
			);
			dependencies = (
				5E99252F2AE191E0003299B8 /* PBXTargetDependency */,
			);
			name = TestCICDprivUITests;
			productName = TestCICDprivUITests;
			productReference = 5E99252D2AE191E0003299B8 /* TestCICDprivUITests.xctest */;
			productType = "com.apple.product-type.bundle.ui-testing";
		};
/* End PBXNativeTarget section */

/* Begin PBXProject section */
		5E99250B2AE191DD003299B8 /* Project object */ = {
			isa = PBXProject;
			attributes = {
				BuildIndependentTargetsInParallel = 1;
				LastSwiftUpdateCheck = 1430;
				LastUpgradeCheck = 1500;
				TargetAttributes = {
					5E9925122AE191DD003299B8 = {
						CreatedOnToolsVersion = 14.3.1;
					};
					5E9925222AE191E0003299B8 = {
						CreatedOnToolsVersion = 14.3.1;
						TestTargetID = 5E9925122AE191DD003299B8;
					};
					5E99252C2AE191E0003299B8 = {
						CreatedOnToolsVersion = 14.3.1;
						TestTargetID = 5E9925122AE191DD003299B8;
					};
				};
			};
			buildConfigurationList = 5E99250E2AE191DD003299B8 /* Build configuration list for PBXProject "TestCICDpriv" */;
			compatibilityVersion = "Xcode 14.0";
			developmentRegion = en;
			hasScannedForEncodings = 0;
			knownRegions = (
				en,
				Base,
			);
			mainGroup = 5E99250A2AE191DD003299B8;
			productRefGroup = 5E9925142AE191DD003299B8 /* Products */;
			projectDirPath = "";
			projectRoot = "";
			targets = (
				5E9925122AE191DD003299B8 /* TestCICDpriv */,
				5E9925222AE191E0003299B8 /* TestCICDprivTests */,
				5E99252C2AE191E0003299B8 /* TestCICDprivUITests */,
			);
		};
/* End PBXProject section */

/* Begin PBXResourcesBuildPhase section */
		5E9925112AE191DD003299B8 /* Resources */ = {
			isa = PBXResourcesBuildPhase;
			buildActionMask = 2147483647;
			files = (
				5E99251E2AE191DF003299B8 /* Preview Assets.xcassets in Resources */,
				5E99251B2AE191DF003299B8 /* Assets.xcassets in Resources */,
			);
			runOnlyForDeploymentPostprocessing = 0;
		};
		5E9925212AE191E0003299B8 /* Resources */ = {
			isa = PBXResourcesBuildPhase;
			buildActionMask = 2147483647;
			files = (
			);
			runOnlyForDeploymentPostprocessing = 0;
		};
		5E99252B2AE191E0003299B8 /* Resources */ = {
			isa = PBXResourcesBuildPhase;
			buildActionMask = 2147483647;
			files = (
			);
			runOnlyForDeploymentPostprocessing = 0;
		};
/* End PBXResourcesBuildPhase section */

/* Begin PBXSourcesBuildPhase section */
		5E99250F2AE191DD003299B8 /* Sources */ = {
			isa = PBXSourcesBuildPhase;
			buildActionMask = 2147483647;
			files = (
				5E9925192AE191DD003299B8 /* ContentView.swift in Sources */,
				5E9925172AE191DD003299B8 /* TestCICDprivApp.swift in Sources */,
			);
			runOnlyForDeploymentPostprocessing = 0;
		};
		5E99251F2AE191E0003299B8 /* Sources */ = {
			isa = PBXSourcesBuildPhase;
			buildActionMask = 2147483647;
			files = (
				5E9925282AE191E0003299B8 /* TestCICDprivTests.swift in Sources */,
			);
			runOnlyForDeploymentPostprocessing = 0;
		};
		5E9925292AE191E0003299B8 /* Sources */ = {
			isa = PBXSourcesBuildPhase;
			buildActionMask = 2147483647;
			files = (
				5E9925342AE191E0003299B8 /* TestCICDprivUITestsLaunchTests.swift in Sources */,
				5E9925322AE191E0003299B8 /* TestCICDprivUITests.swift in Sources */,
			);
			runOnlyForDeploymentPostprocessing = 0;
		};
/* End PBXSourcesBuildPhase section */

/* Begin PBXTargetDependency section */
		5E9925252AE191E0003299B8 /* PBXTargetDependency */ = {
			isa = PBXTargetDependency;
			target = 5E9925122AE191DD003299B8 /* TestCICDpriv */;
			targetProxy = 5E9925242AE191E0003299B8 /* PBXContainerItemProxy */;
		};
		5E99252F2AE191E0003299B8 /* PBXTargetDependency */ = {
			isa = PBXTargetDependency;
			target = 5E9925122AE191DD003299B8 /* TestCICDpriv */;
			targetProxy = 5E99252E2AE191E0003299B8 /* PBXContainerItemProxy */;
		};
/* End PBXTargetDependency section */

/* Begin XCBuildConfiguration section */
		5E9925352AE191E0003299B8 /* Debug */ = {
			isa = XCBuildConfiguration;
			buildSettings = {
				ALWAYS_SEARCH_USER_PATHS = NO;
				CLANG_ANALYZER_NONNULL = YES;
				CLANG_ANALYZER_NUMBER_OBJECT_CONVERSION = YES_AGGRESSIVE;
				CLANG_CXX_LANGUAGE_STANDARD = "gnu++20";
				CLANG_ENABLE_MODULES = YES;
				CLANG_ENABLE_OBJC_ARC = YES;
				CLANG_ENABLE_OBJC_WEAK = YES;
				CLANG_WARN_BLOCK_CAPTURE_AUTORELEASING = YES;
				CLANG_WARN_BOOL_CONVERSION = YES;
				CLANG_WARN_COMMA = YES;
				CLANG_WARN_CONSTANT_CONVERSION = YES;
				CLANG_WARN_DEPRECATED_OBJC_IMPLEMENTATIONS = YES;
				CLANG_WARN_DIRECT_OBJC_ISA_USAGE = YES_ERROR;
				CLANG_WARN_DOCUMENTATION_COMMENTS = YES;
				CLANG_WARN_EMPTY_BODY = YES;
				CLANG_WARN_ENUM_CONVERSION = YES;
				CLANG_WARN_INFINITE_RECURSION = YES;
				CLANG_WARN_INT_CONVERSION = YES;
				CLANG_WARN_NON_LITERAL_NULL_CONVERSION = YES;
				CLANG_WARN_OBJC_IMPLICIT_RETAIN_SELF = YES;
				CLANG_WARN_OBJC_LITERAL_CONVERSION = YES;
				CLANG_WARN_OBJC_ROOT_CLASS = YES_ERROR;
				CLANG_WARN_QUOTED_INCLUDE_IN_FRAMEWORK_HEADER = YES;
				CLANG_WARN_RANGE_LOOP_ANALYSIS = YES;
				CLANG_WARN_STRICT_PROTOTYPES = YES;
				CLANG_WARN_SUSPICIOUS_MOVE = YES;
				CLANG_WARN_UNGUARDED_AVAILABILITY = YES_AGGRESSIVE;
				CLANG_WARN_UNREACHABLE_CODE = YES;
				CLANG_WARN__DUPLICATE_METHOD_MATCH = YES;
				COPY_PHASE_STRIP = NO;
				DEBUG_INFORMATION_FORMAT = dwarf;
				ENABLE_STRICT_OBJC_MSGSEND = YES;
				ENABLE_TESTABILITY = YES;
				ENABLE_USER_SCRIPT_SANDBOXING = YES;
				GCC_C_LANGUAGE_STANDARD = gnu11;
				GCC_DYNAMIC_NO_PIC = NO;
				GCC_NO_COMMON_BLOCKS = YES;
				GCC_OPTIMIZATION_LEVEL = 0;
				GCC_PREPROCESSOR_DEFINITIONS = (
					"DEBUG=1",
					"$(inherited)",
				);
				GCC_WARN_64_TO_32_BIT_CONVERSION = YES;
				GCC_WARN_ABOUT_RETURN_TYPE = YES_ERROR;
				GCC_WARN_UNDECLARED_SELECTOR = YES;
				GCC_WARN_UNINITIALIZED_AUTOS = YES_AGGRESSIVE;
				GCC_WARN_UNUSED_FUNCTION = YES;
				GCC_WARN_UNUSED_VARIABLE = YES;
				IPHONEOS_DEPLOYMENT_TARGET = 16.4;
				MTL_ENABLE_DEBUG_INFO = INCLUDE_SOURCE;
				MTL_FAST_MATH = YES;
				ONLY_ACTIVE_ARCH = YES;
				SDKROOT = iphoneos;
				SWIFT_ACTIVE_COMPILATION_CONDITIONS = DEBUG;
				SWIFT_OPTIMIZATION_LEVEL = "-Onone";
			};
			name = Debug;
		};
		5E9925362AE191E0003299B8 /* Release */ = {
			isa = XCBuildConfiguration;
			buildSettings = {
				ALWAYS_SEARCH_USER_PATHS = NO;
				CLANG_ANALYZER_NONNULL = YES;
				CLANG_ANALYZER_NUMBER_OBJECT_CONVERSION = YES_AGGRESSIVE;
				CLANG_CXX_LANGUAGE_STANDARD = "gnu++20";
				CLANG_ENABLE_MODULES = YES;
				CLANG_ENABLE_OBJC_ARC = YES;
				CLANG_ENABLE_OBJC_WEAK = YES;
				CLANG_WARN_BLOCK_CAPTURE_AUTORELEASING = YES;
				CLANG_WARN_BOOL_CONVERSION = YES;
				CLANG_WARN_COMMA = YES;
				CLANG_WARN_CONSTANT_CONVERSION = YES;
				CLANG_WARN_DEPRECATED_OBJC_IMPLEMENTATIONS = YES;
				CLANG_WARN_DIRECT_OBJC_ISA_USAGE = YES_ERROR;
				CLANG_WARN_DOCUMENTATION_COMMENTS = YES;
				CLANG_WARN_EMPTY_BODY = YES;
				CLANG_WARN_ENUM_CONVERSION = YES;
				CLANG_WARN_INFINITE_RECURSION = YES;
				CLANG_WARN_INT_CONVERSION = YES;
				CLANG_WARN_NON_LITERAL_NULL_CONVERSION = YES;
				CLANG_WARN_OBJC_IMPLICIT_RETAIN_SELF = YES;
				CLANG_WARN_OBJC_LITERAL_CONVERSION = YES;
				CLANG_WARN_OBJC_ROOT_CLASS = YES_ERROR;
				CLANG_WARN_QUOTED_INCLUDE_IN_FRAMEWORK_HEADER = YES;
				CLANG_WARN_RANGE_LOOP_ANALYSIS = YES;
				CLANG_WARN_STRICT_PROTOTYPES = YES;
				CLANG_WARN_SUSPICIOUS_MOVE = YES;
				CLANG_WARN_UNGUARDED_AVAILABILITY = YES_AGGRESSIVE;
				CLANG_WARN_UNREACHABLE_CODE = YES;
				CLANG_WARN__DUPLICATE_METHOD_MATCH = YES;
				COPY_PHASE_STRIP = NO;
				DEBUG_INFORMATION_FORMAT = "dwarf-with-dsym";
				ENABLE_NS_ASSERTIONS = NO;
				ENABLE_STRICT_OBJC_MSGSEND = YES;
				ENABLE_USER_SCRIPT_SANDBOXING = YES;
				GCC_C_LANGUAGE_STANDARD = gnu11;
				GCC_NO_COMMON_BLOCKS = YES;
				GCC_WARN_64_TO_32_BIT_CONVERSION = YES;
				GCC_WARN_ABOUT_RETURN_TYPE = YES_ERROR;
				GCC_WARN_UNDECLARED_SELECTOR = YES;
				GCC_WARN_UNINITIALIZED_AUTOS = YES_AGGRESSIVE;
				GCC_WARN_UNUSED_FUNCTION = YES;
				GCC_WARN_UNUSED_VARIABLE = YES;
				IPHONEOS_DEPLOYMENT_TARGET = 16.4;
				MTL_ENABLE_DEBUG_INFO = NO;
				MTL_FAST_MATH = YES;
				SDKROOT = iphoneos;
				SWIFT_COMPILATION_MODE = wholemodule;
				SWIFT_OPTIMIZATION_LEVEL = "-O";
				VALIDATE_PRODUCT = YES;
			};
			name = Release;
		};
		5E9925382AE191E0003299B8 /* Debug */ = {
			isa = XCBuildConfiguration;
			buildSettings = {
				ASSETCATALOG_COMPILER_APPICON_NAME = AppIcon;
				ASSETCATALOG_COMPILER_GLOBAL_ACCENT_COLOR_NAME = AccentColor;
				CODE_SIGN_STYLE = Automatic;
				CURRENT_PROJECT_VERSION = 1;
				DEVELOPMENT_ASSET_PATHS = "\"TestCICDpriv/Preview Content\"";
				DEVELOPMENT_TEAM = KKCT26533X;
				ENABLE_PREVIEWS = YES;
				GENERATE_INFOPLIST_FILE = YES;
				INFOPLIST_FILE = TestCICDpriv/Info.plist;
				INFOPLIST_KEY_UIApplicationSceneManifest_Generation = YES;
				INFOPLIST_KEY_UIApplicationSupportsIndirectInputEvents = YES;
				INFOPLIST_KEY_UILaunchScreen_Generation = YES;
				INFOPLIST_KEY_UISupportedInterfaceOrientations_iPad = "UIInterfaceOrientationPortrait UIInterfaceOrientationPortraitUpsideDown UIInterfaceOrientationLandscapeLeft UIInterfaceOrientationLandscapeRight";
				INFOPLIST_KEY_UISupportedInterfaceOrientations_iPhone = "UIInterfaceOrientationPortrait UIInterfaceOrientationLandscapeLeft UIInterfaceOrientationLandscapeRight";
				LD_RUNPATH_SEARCH_PATHS = (
					"$(inherited)",
					"@executable_path/Frameworks",
				);
				MARKETING_VERSION = 1.0.2;
				PRODUCT_BUNDLE_IDENTIFIER = private.com.TestCICDpriv;
				PRODUCT_NAME = "$(TARGET_NAME)";
				SWIFT_EMIT_LOC_STRINGS = YES;
				SWIFT_VERSION = 5.0;
				TARGETED_DEVICE_FAMILY = "1,2";
			};
			name = Debug;
		};
		5E9925392AE191E0003299B8 /* Release */ = {
			isa = XCBuildConfiguration;
			buildSettings = {
				ASSETCATALOG_COMPILER_APPICON_NAME = AppIcon;
				ASSETCATALOG_COMPILER_GLOBAL_ACCENT_COLOR_NAME = AccentColor;
				CODE_SIGN_STYLE = Automatic;
				CURRENT_PROJECT_VERSION = 1;
				DEVELOPMENT_ASSET_PATHS = "\"TestCICDpriv/Preview Content\"";
				DEVELOPMENT_TEAM = KKCT26533X;
				ENABLE_PREVIEWS = YES;
				GENERATE_INFOPLIST_FILE = YES;
				INFOPLIST_FILE = TestCICDpriv/Info.plist;
				INFOPLIST_KEY_UIApplicationSceneManifest_Generation = YES;
				INFOPLIST_KEY_UIApplicationSupportsIndirectInputEvents = YES;
				INFOPLIST_KEY_UILaunchScreen_Generation = YES;
				INFOPLIST_KEY_UISupportedInterfaceOrientations_iPad = "UIInterfaceOrientationPortrait UIInterfaceOrientationPortraitUpsideDown UIInterfaceOrientationLandscapeLeft UIInterfaceOrientationLandscapeRight";
				INFOPLIST_KEY_UISupportedInterfaceOrientations_iPhone = "UIInterfaceOrientationPortrait UIInterfaceOrientationLandscapeLeft UIInterfaceOrientationLandscapeRight";
				LD_RUNPATH_SEARCH_PATHS = (
					"$(inherited)",
					"@executable_path/Frameworks",
				);
				MARKETING_VERSION = 1.0.2;
				PRODUCT_BUNDLE_IDENTIFIER = private.com.TestCICDpriv;
				PRODUCT_NAME = "$(TARGET_NAME)";
				SWIFT_EMIT_LOC_STRINGS = YES;
				SWIFT_VERSION = 5.0;
				TARGETED_DEVICE_FAMILY = "1,2";
			};
			name = Release;
		};
		5E99253B2AE191E0003299B8 /* Debug */ = {
			isa = XCBuildConfiguration;
			buildSettings = {
				ALWAYS_EMBED_SWIFT_STANDARD_LIBRARIES = YES;
				BUNDLE_LOADER = "$(TEST_HOST)";
				CODE_SIGN_STYLE = Automatic;
				CURRENT_PROJECT_VERSION = 1;
				DEVELOPMENT_TEAM = KKCT26533X;
				GENERATE_INFOPLIST_FILE = YES;
				IPHONEOS_DEPLOYMENT_TARGET = 16.4;
				MARKETING_VERSION = 1.0;
				PRODUCT_BUNDLE_IDENTIFIER = private.com.TestCICDprivTests;
				PRODUCT_NAME = "$(TARGET_NAME)";
				SWIFT_EMIT_LOC_STRINGS = NO;
				SWIFT_VERSION = 5.0;
				TARGETED_DEVICE_FAMILY = "1,2";
				TEST_HOST = "$(BUILT_PRODUCTS_DIR)/TestCICDpriv.app/$(BUNDLE_EXECUTABLE_FOLDER_PATH)/TestCICDpriv";
			};
			name = Debug;
		};
		5E99253C2AE191E0003299B8 /* Release */ = {
			isa = XCBuildConfiguration;
			buildSettings = {
				ALWAYS_EMBED_SWIFT_STANDARD_LIBRARIES = YES;
				BUNDLE_LOADER = "$(TEST_HOST)";
				CODE_SIGN_STYLE = Automatic;
				CURRENT_PROJECT_VERSION = 1;
				DEVELOPMENT_TEAM = KKCT26533X;
				GENERATE_INFOPLIST_FILE = YES;
				IPHONEOS_DEPLOYMENT_TARGET = 16.4;
				MARKETING_VERSION = 1.0;
				PRODUCT_BUNDLE_IDENTIFIER = private.com.TestCICDprivTests;
				PRODUCT_NAME = "$(TARGET_NAME)";
				SWIFT_EMIT_LOC_STRINGS = NO;
				SWIFT_VERSION = 5.0;
				TARGETED_DEVICE_FAMILY = "1,2";
				TEST_HOST = "$(BUILT_PRODUCTS_DIR)/TestCICDpriv.app/$(BUNDLE_EXECUTABLE_FOLDER_PATH)/TestCICDpriv";
			};
			name = Release;
		};
		5E99253E2AE191E0003299B8 /* Debug */ = {
			isa = XCBuildConfiguration;
			buildSettings = {
				ALWAYS_EMBED_SWIFT_STANDARD_LIBRARIES = YES;
				CODE_SIGN_STYLE = Automatic;
				CURRENT_PROJECT_VERSION = 1;
				DEVELOPMENT_TEAM = KKCT26533X;
				GENERATE_INFOPLIST_FILE = YES;
				MARKETING_VERSION = 1.0;
				PRODUCT_BUNDLE_IDENTIFIER = private.com.TestCICDprivUITests;
				PRODUCT_NAME = "$(TARGET_NAME)";
				SWIFT_EMIT_LOC_STRINGS = NO;
				SWIFT_VERSION = 5.0;
				TARGETED_DEVICE_FAMILY = "1,2";
				TEST_TARGET_NAME = TestCICDpriv;
			};
			name = Debug;
		};
		5E99253F2AE191E0003299B8 /* Release */ = {
			isa = XCBuildConfiguration;
			buildSettings = {
				ALWAYS_EMBED_SWIFT_STANDARD_LIBRARIES = YES;
				CODE_SIGN_STYLE = Automatic;
				CURRENT_PROJECT_VERSION = 1;
				DEVELOPMENT_TEAM = KKCT26533X;
				GENERATE_INFOPLIST_FILE = YES;
				MARKETING_VERSION = 1.0;
				PRODUCT_BUNDLE_IDENTIFIER = private.com.TestCICDprivUITests;
				PRODUCT_NAME = "$(TARGET_NAME)";
				SWIFT_EMIT_LOC_STRINGS = NO;
				SWIFT_VERSION = 5.0;
				TARGETED_DEVICE_FAMILY = "1,2";
				TEST_TARGET_NAME = TestCICDpriv;
			};
			name = Release;
		};
/* End XCBuildConfiguration section */

/* Begin XCConfigurationList section */
		5E99250E2AE191DD003299B8 /* Build configuration list for PBXProject "TestCICDpriv" */ = {
			isa = XCConfigurationList;
			buildConfigurations = (
				5E9925352AE191E0003299B8 /* Debug */,
				5E9925362AE191E0003299B8 /* Release */,
			);
			defaultConfigurationIsVisible = 0;
			defaultConfigurationName = Release;
		};
		5E9925372AE191E0003299B8 /* Build configuration list for PBXNativeTarget "TestCICDpriv" */ = {
			isa = XCConfigurationList;
			buildConfigurations = (
				5E9925382AE191E0003299B8 /* Debug */,
				5E9925392AE191E0003299B8 /* Release */,
			);
			defaultConfigurationIsVisible = 0;
			defaultConfigurationName = Release;
		};
		5E99253A2AE191E0003299B8 /* Build configuration list for PBXNativeTarget "TestCICDprivTests" */ = {
			isa = XCConfigurationList;
			buildConfigurations = (
				5E99253B2AE191E0003299B8 /* Debug */,
				5E99253C2AE191E0003299B8 /* Release */,
			);
			defaultConfigurationIsVisible = 0;
			defaultConfigurationName = Release;
		};
		5E99253D2AE191E0003299B8 /* Build configuration list for PBXNativeTarget "TestCICDprivUITests" */ = {
			isa = XCConfigurationList;
			buildConfigurations = (
				5E99253E2AE191E0003299B8 /* Debug */,
				5E99253F2AE191E0003299B8 /* Release */,
			);
			defaultConfigurationIsVisible = 0;
			defaultConfigurationName = Release;
		};
/* End XCConfigurationList section */
	};
	rootObject = 5E99250B2AE191DD003299B8 /* Project object */;
}
